Microsoft Visual Studio Solution File, Format Version 12.00
# Visual Studio Version 16
VisualStudioVersion = 16.0.30711.63
MinimumVisualStudioVersion = 10.0.40219.1
Project("{2150E333-8FDC-42A3-9474-1A3956D46DE8}") = "Application", "Application", "{558B8A3F-63AE-4FF1-872F-2D64AF885BCB}"
EndProject
Project("{2150E333-8FDC-42A3-9474-1A3956D46DE8}") = "Infrastructure", "Infrastructure", "{6FB2E8A6-2714-416B-8F4A-E194EC8725F8}"
EndProject
Project("{2150E333-8FDC-42A3-9474-1A3956D46DE8}") = "Tests", "Tests", "{174B450F-CAD8-4B29-8B45-B8BD22FC487A}"
EndProject
Project("{2150E333-8FDC-42A3-9474-1A3956D46DE8}") = "Domain", "Domain", "{617D6049-C9ED-49CF-A53B-0F052F4EFD5C}"
EndProject
Project("{9A19103F-16F7-4668-BE54-9A1E7A4F7556}") = "MediaRentals.Domain", "MediaRentals.Domain\MediaRentals.Domain.csproj", "{B36C1F61-39F0-48D9-8031-4718926C5028}"
EndProject
Project("{9A19103F-16F7-4668-BE54-9A1E7A4F7556}") = "MediaRentals.Infrastructure.IOC", "MediaRentals.Infrastructure.IOC\MediaRentals.Infrastructure.IOC.csproj", "{18E44AF5-40F2-42A7-8677-E8C0B2868485}"
EndProject
Project("{2150E333-8FDC-42A3-9474-1A3956D46DE8}") = "Shared", "Shared", "{2C472FCF-EE02-4D04-BA4E-0B76F5C00437}"
EndProject
Project("{9A19103F-16F7-4668-BE54-9A1E7A4F7556}") = "MediaRentals.Shared.UI", "MediaRentals.Shared.UI\MediaRentals.Shared.UI.csproj", "{51D3BC54-AC5B-4681-9C88-64F779C983D1}"
EndProject
Project("{2150E333-8FDC-42A3-9474-1A3956D46DE8}") = "Data", "Data", "{EAA96153-3CEB-4490-97C1-B011C6BAFB36}"
EndProject
Project("{9A19103F-16F7-4668-BE54-9A1E7A4F7556}") = "MediaRentals.Data", "MediaRentals.Data\MediaRentals.Data.csproj", "{3F2B47EE-C974-4823-8351-328C8213642B}"
EndProject
Project("{9A19103F-16F7-4668-BE54-9A1E7A4F7556}") = "MediaRentals.Infrastructure.EntityFramework", "MediaRentals.Infrastructure.EntityFramework\MediaRentals.Infrastructure.EntityFramework.csproj", "{F52EE91E-712B-4DC6-82CC-AD601E6EC601}"
EndProject
Project("{9A19103F-16F7-4668-BE54-9A1E7A4F7556}") = "MediaRentals.Application", "MediaRentals.Application\MediaRentals.Application.csproj", "{3E42F4E6-F84F-43D5-B4D5-D15AC1EB8294}"
EndProject
Project("{9A19103F-16F7-4668-BE54-9A1E7A4F7556}") = "MediaRentals.Shared.Common", "MediaRentals.Shared.Common\MediaRentals.Shared.Common.csproj", "{A0F97EBC-2800-47AA-9DE5-5452CD3478F9}"
EndProject
Project("{9A19103F-16F7-4668-BE54-9A1E7A4F7556}") = "MediaRentals.CustomerPortal", "MediaRentals.CustomerPortal\MediaRentals.CustomerPortal.csproj", "{BE6E5FB1-3537-4E3D-BF74-F1F815EA2C34}"
EndProject
Project("{2150E333-8FDC-42A3-9474-1A3956D46DE8}") = "src", "src", "{1CC98608-0A8B-400B-ACFB-D7F92B56A3E5}"
EndProject
Project("{FAE04EC0-301F-11D3-BF4B-00C04F79EFBC}") = "MediaRentals.API", "MediaRentals.API\MediaRentals.API.csproj", "{5BE9F6E8-F9A3-4D3B-AF51-81A2F0EBB53E}"
EndProject
Project("{FAE04EC0-301F-11D3-BF4B-00C04F79EFBC}") = "MediaRentals.Administration", "MediaRentals.Administration\MediaRentals.Administration.csproj", "{92C02CD3-8752-43D7-81EA-91E7C6159C30}"
EndProject
Global
	GlobalSection(SolutionConfigurationPlatforms) = preSolution
		Debug|Any CPU = Debug|Any CPU
		Release|Any CPU = Release|Any CPU
	EndGlobalSection
	GlobalSection(ProjectConfigurationPlatforms) = postSolution
		{B36C1F61-39F0-48D9-8031-4718926C5028}.Debug|Any CPU.ActiveCfg = Debug|Any CPU
		{B36C1F61-39F0-48D9-8031-4718926C5028}.Debug|Any CPU.Build.0 = Debug|Any CPU
		{B36C1F61-39F0-48D9-8031-4718926C5028}.Release|Any CPU.ActiveCfg = Release|Any CPU
		{B36C1F61-39F0-48D9-8031-4718926C5028}.Release|Any CPU.Build.0 = Release|Any CPU
		{18E44AF5-40F2-42A7-8677-E8C0B2868485}.Debug|Any CPU.ActiveCfg = Debug|Any CPU
		{18E44AF5-40F2-42A7-8677-E8C0B2868485}.Debug|Any CPU.Build.0 = Debug|Any CPU
		{18E44AF5-40F2-42A7-8677-E8C0B2868485}.Release|Any CPU.ActiveCfg = Release|Any CPU
		{18E44AF5-40F2-42A7-8677-E8C0B2868485}.Release|Any CPU.Build.0 = Release|Any CPU
		{51D3BC54-AC5B-4681-9C88-64F779C983D1}.Debug|Any CPU.ActiveCfg = Debug|Any CPU
		{51D3BC54-AC5B-4681-9C88-64F779C983D1}.Debug|Any CPU.Build.0 = Debug|Any CPU
		{51D3BC54-AC5B-4681-9C88-64F779C983D1}.Release|Any CPU.ActiveCfg = Release|Any CPU
		{51D3BC54-AC5B-4681-9C88-64F779C983D1}.Release|Any CPU.Build.0 = Release|Any CPU
		{3F2B47EE-C974-4823-8351-328C8213642B}.Debug|Any CPU.ActiveCfg = Debug|Any CPU
		{3F2B47EE-C974-4823-8351-328C8213642B}.Debug|Any CPU.Build.0 = Debug|Any CPU
		{3F2B47EE-C974-4823-8351-328C8213642B}.Release|Any CPU.ActiveCfg = Release|Any CPU
		{3F2B47EE-C974-4823-8351-328C8213642B}.Release|Any CPU.Build.0 = Release|Any CPU
		{F52EE91E-712B-4DC6-82CC-AD601E6EC601}.Debug|Any CPU.ActiveCfg = Debug|Any CPU
		{F52EE91E-712B-4DC6-82CC-AD601E6EC601}.Debug|Any CPU.Build.0 = Debug|Any CPU
		{F52EE91E-712B-4DC6-82CC-AD601E6EC601}.Release|Any CPU.ActiveCfg = Release|Any CPU
		{F52EE91E-712B-4DC6-82CC-AD601E6EC601}.Release|Any CPU.Build.0 = Release|Any CPU
		{3E42F4E6-F84F-43D5-B4D5-D15AC1EB8294}.Debug|Any CPU.ActiveCfg = Debug|Any CPU
		{3E42F4E6-F84F-43D5-B4D5-D15AC1EB8294}.Debug|Any CPU.Build.0 = Debug|Any CPU
		{3E42F4E6-F84F-43D5-B4D5-D15AC1EB8294}.Release|Any CPU.ActiveCfg = Release|Any CPU
		{3E42F4E6-F84F-43D5-B4D5-D15AC1EB8294}.Release|Any CPU.Build.0 = Release|Any CPU
		{A0F97EBC-2800-47AA-9DE5-5452CD3478F9}.Debug|Any CPU.ActiveCfg = Debug|Any CPU
		{A0F97EBC-2800-47AA-9DE5-5452CD3478F9}.Debug|Any CPU.Build.0 = Debug|Any CPU
		{A0F97EBC-2800-47AA-9DE5-5452CD3478F9}.Release|Any CPU.ActiveCfg = Release|Any CPU
		{A0F97EBC-2800-47AA-9DE5-5452CD3478F9}.Release|Any CPU.Build.0 = Release|Any CPU
		{BE6E5FB1-3537-4E3D-BF74-F1F815EA2C34}.Debug|Any CPU.ActiveCfg = Debug|Any CPU
		{BE6E5FB1-3537-4E3D-BF74-F1F815EA2C34}.Debug|Any CPU.Build.0 = Debug|Any CPU
		{BE6E5FB1-3537-4E3D-BF74-F1F815EA2C34}.Release|Any CPU.ActiveCfg = Release|Any CPU
		{BE6E5FB1-3537-4E3D-BF74-F1F815EA2C34}.Release|Any CPU.Build.0 = Release|Any CPU
		{5BE9F6E8-F9A3-4D3B-AF51-81A2F0EBB53E}.Debug|Any CPU.ActiveCfg = Debug|Any CPU
		{5BE9F6E8-F9A3-4D3B-AF51-81A2F0EBB53E}.Debug|Any CPU.Build.0 = Debug|Any CPU
		{5BE9F6E8-F9A3-4D3B-AF51-81A2F0EBB53E}.Release|Any CPU.ActiveCfg = Release|Any CPU
		{5BE9F6E8-F9A3-4D3B-AF51-81A2F0EBB53E}.Release|Any CPU.Build.0 = Release|Any CPU
		{92C02CD3-8752-43D7-81EA-91E7C6159C30}.Debug|Any CPU.ActiveCfg = Debug|Any CPU
		{92C02CD3-8752-43D7-81EA-91E7C6159C30}.Debug|Any CPU.Build.0 = Debug|Any CPU
		{92C02CD3-8752-43D7-81EA-91E7C6159C30}.Release|Any CPU.ActiveCfg = Release|Any CPU
		{92C02CD3-8752-43D7-81EA-91E7C6159C30}.Release|Any CPU.Build.0 = Release|Any CPU
	EndGlobalSection
	GlobalSection(SolutionProperties) = preSolution
		HideSolutionNode = FALSE
	EndGlobalSection
	GlobalSection(NestedProjects) = preSolution
		{558B8A3F-63AE-4FF1-872F-2D64AF885BCB} = {1CC98608-0A8B-400B-ACFB-D7F92B56A3E5}
		{6FB2E8A6-2714-416B-8F4A-E194EC8725F8} = {1CC98608-0A8B-400B-ACFB-D7F92B56A3E5}
		{617D6049-C9ED-49CF-A53B-0F052F4EFD5C} = {1CC98608-0A8B-400B-ACFB-D7F92B56A3E5}
		{B36C1F61-39F0-48D9-8031-4718926C5028} = {617D6049-C9ED-49CF-A53B-0F052F4EFD5C}
		{18E44AF5-40F2-42A7-8677-E8C0B2868485} = {6FB2E8A6-2714-416B-8F4A-E194EC8725F8}
		{2C472FCF-EE02-4D04-BA4E-0B76F5C00437} = {1CC98608-0A8B-400B-ACFB-D7F92B56A3E5}
		{51D3BC54-AC5B-4681-9C88-64F779C983D1} = {2C472FCF-EE02-4D04-BA4E-0B76F5C00437}
		{EAA96153-3CEB-4490-97C1-B011C6BAFB36} = {1CC98608-0A8B-400B-ACFB-D7F92B56A3E5}
		{3F2B47EE-C974-4823-8351-328C8213642B} = {EAA96153-3CEB-4490-97C1-B011C6BAFB36}
		{F52EE91E-712B-4DC6-82CC-AD601E6EC601} = {6FB2E8A6-2714-416B-8F4A-E194EC8725F8}
		{3E42F4E6-F84F-43D5-B4D5-D15AC1EB8294} = {558B8A3F-63AE-4FF1-872F-2D64AF885BCB}
		{A0F97EBC-2800-47AA-9DE5-5452CD3478F9} = {2C472FCF-EE02-4D04-BA4E-0B76F5C00437}
		{BE6E5FB1-3537-4E3D-BF74-F1F815EA2C34} = {558B8A3F-63AE-4FF1-872F-2D64AF885BCB}
		{5BE9F6E8-F9A3-4D3B-AF51-81A2F0EBB53E} = {558B8A3F-63AE-4FF1-872F-2D64AF885BCB}
		{92C02CD3-8752-43D7-81EA-91E7C6159C30} = {558B8A3F-63AE-4FF1-872F-2D64AF885BCB}
	EndGlobalSection
	GlobalSection(ExtensibilityGlobals) = postSolution
		SolutionGuid = {2B99E290-00EF-453A-9DE3-86730D82C7E7}
	EndGlobalSection
EndGlobal
